
Microsoft Visual Studio Solution File, Format Version 12.00
# Visual Studio 15
Project("{FAE04EC0-301F-11D3-BF4B-00C04F79EFBC}") = "Deform", "Deform.csproj", "{96443939-2E8B-FE63-8F89-29B26354593F}"
EndProject
Project("{FAE04EC0-301F-11D3-BF4B-00C04F79EFBC}") = "DeformEditor", "DeformEditor.csproj", "{A3FCA660-B643-3F12-71F3-CAB4274EA096}"
EndProject
Project("{FAE04EC0-301F-11D3-BF4B-00C04F79EFBC}") = "Assembly-CSharp", "Assembly-CSharp.csproj", "{F672D4FA-D1BA-6EB7-B300-8F6E2CF15C78}"
EndProject
Project("{FAE04EC0-301F-11D3-BF4B-00C04F79EFBC}") = "Beans.Unity.Editor", "Beans.Unity.Editor.csproj", "{82A933E5-2CD0-C82A-914C-696721D2F36A}"
EndProject
Project("{FAE04EC0-301F-11D3-BF4B-00C04F79EFBC}") = "Beans.Unity.Mathematics", "Beans.Unity.Mathematics.csproj", "{435058C5-13E0-0374-F3C8-9984DA50AB9C}"
EndProject
Project("{FAE04EC0-301F-11D3-BF4B-00C04F79EFBC}") = "Beans.Unity.Collections", "Beans.Unity.Collections.csproj", "{9F8F060C-F75D-7104-B8C7-9CE10AF60767}"
EndProject
Global
	GlobalSection(SolutionConfigurationPlatforms) = preSolution
		Debug|Any CPU = Debug|Any CPU
		Release|Any CPU = Release|Any CPU
	EndGlobalSection
	GlobalSection(ProjectConfigurationPlatforms) = postSolution
		{96443939-2E8B-FE63-8F89-29B26354593F}.Debug|Any CPU.ActiveCfg = Debug|Any CPU
		{96443939-2E8B-FE63-8F89-29B26354593F}.Debug|Any CPU.Build.0 = Debug|Any CPU
		{96443939-2E8B-FE63-8F89-29B26354593F}.Release|Any CPU.ActiveCfg = Release|Any CPU
		{96443939-2E8B-FE63-8F89-29B26354593F}.Release|Any CPU.Build.0 = Release|Any CPU
		{A3FCA660-B643-3F12-71F3-CAB4274EA096}.Debug|Any CPU.ActiveCfg = Debug|Any CPU
		{A3FCA660-B643-3F12-71F3-CAB4274EA096}.Debug|Any CPU.Build.0 = Debug|Any CPU
		{A3FCA660-B643-3F12-71F3-CAB4274EA096}.Release|Any CPU.ActiveCfg = Release|Any CPU
		{A3FCA660-B643-3F12-71F3-CAB4274EA096}.Release|Any CPU.Build.0 = Release|Any CPU
		{F672D4FA-D1BA-6EB7-B300-8F6E2CF15C78}.Debug|Any CPU.ActiveCfg = Debug|Any CPU
		{F672D4FA-D1BA-6EB7-B300-8F6E2CF15C78}.Debug|Any CPU.Build.0 = Debug|Any CPU
		{F672D4FA-D1BA-6EB7-B300-8F6E2CF15C78}.Release|Any CPU.ActiveCfg = Release|Any CPU
		{F672D4FA-D1BA-6EB7-B300-8F6E2CF15C78}.Release|Any CPU.Build.0 = Release|Any CPU
		{82A933E5-2CD0-C82A-914C-696721D2F36A}.Debug|Any CPU.ActiveCfg = Debug|Any CPU
		{82A933E5-2CD0-C82A-914C-696721D2F36A}.Debug|Any CPU.Build.0 = Debug|Any CPU
		{82A933E5-2CD0-C82A-914C-696721D2F36A}.Release|Any CPU.ActiveCfg = Release|Any CPU
		{82A933E5-2CD0-C82A-914C-696721D2F36A}.Release|Any CPU.Build.0 = Release|Any CPU
		{435058C5-13E0-0374-F3C8-9984DA50AB9C}.Debug|Any CPU.ActiveCfg = Debug|Any CPU
		{435058C5-13E0-0374-F3C8-9984DA50AB9C}.Debug|Any CPU.Build.0 = Debug|Any CPU
		{435058C5-13E0-0374-F3C8-9984DA50AB9C}.Release|Any CPU.ActiveCfg = Release|Any CPU
		{435058C5-13E0-0374-F3C8-9984DA50AB9C}.Release|Any CPU.Build.0 = Release|Any CPU
		{9F8F060C-F75D-7104-B8C7-9CE10AF60767}.Debug|Any CPU.ActiveCfg = Debug|Any CPU
		{9F8F060C-F75D-7104-B8C7-9CE10AF60767}.Debug|Any CPU.Build.0 = Debug|Any CPU
		{9F8F060C-F75D-7104-B8C7-9CE10AF60767}.Release|Any CPU.ActiveCfg = Release|Any CPU
		{9F8F060C-F75D-7104-B8C7-9CE10AF60767}.Release|Any CPU.Build.0 = Release|Any CPU
	EndGlobalSection
	GlobalSection(SolutionProperties) = preSolution
		HideSolutionNode = FALSE
	EndGlobalSection
EndGlobal
